
Microsoft Visual Studio Solution File, Format Version 12.00
# Visual Studio Version 17
VisualStudioVersion = 17.7.34018.315
MinimumVisualStudioVersion = 10.0.40219.1
Project("{9A19103F-16F7-4668-BE54-9A1E7A4F7556}") = "SimpleWebSocketServer", "SimpleWebSocketServer\SimpleWebSocketServer.csproj", "{92C0CFA4-486B-48B5-AEE1-B86BF0216E0D}"
EndProject
Project("{9A19103F-16F7-4668-BE54-9A1E7A4F7556}") = "SimpleWebSockerServer.Console.Server", "SimpleWebSockerServer.Console.Server\SimpleWebSockerServer.Console.Server.csproj", "{C6BA28E8-2D20-434B-A4D9-E911115E5B90}"
EndProject
Project("{FAE04EC0-301F-11D3-BF4B-00C04F79EFBC}") = "SimpleWebSockerServer.Console.Client", "SimpleWebSockerServer.Console.Client\SimpleWebSockerServer.Console.Client.csproj", "{2B6B8175-D783-4A0B-94C3-E7B54DCCC459}"
EndProject
Global
	GlobalSection(SolutionConfigurationPlatforms) = preSolution
		Debug|Any CPU = Debug|Any CPU
		Release|Any CPU = Release|Any CPU
	EndGlobalSection
	GlobalSection(ProjectConfigurationPlatforms) = postSolution
		{92C0CFA4-486B-48B5-AEE1-B86BF0216E0D}.Debug|Any CPU.ActiveCfg = Debug|Any CPU
		{92C0CFA4-486B-48B5-AEE1-B86BF0216E0D}.Debug|Any CPU.Build.0 = Debug|Any CPU
		{92C0CFA4-486B-48B5-AEE1-B86BF0216E0D}.Release|Any CPU.ActiveCfg = Release|Any CPU
		{92C0CFA4-486B-48B5-AEE1-B86BF0216E0D}.Release|Any CPU.Build.0 = Release|Any CPU
		{C6BA28E8-2D20-434B-A4D9-E911115E5B90}.Debug|Any CPU.ActiveCfg = Debug|Any CPU
		{C6BA28E8-2D20-434B-A4D9-E911115E5B90}.Debug|Any CPU.Build.0 = Debug|Any CPU
		{C6BA28E8-2D20-434B-A4D9-E911115E5B90}.Release|Any CPU.ActiveCfg = Release|Any CPU
		{C6BA28E8-2D20-434B-A4D9-E911115E5B90}.Release|Any CPU.Build.0 = Release|Any CPU
		{2B6B8175-D783-4A0B-94C3-E7B54DCCC459}.Debug|Any CPU.ActiveCfg = Debug|Any CPU
		{2B6B8175-D783-4A0B-94C3-E7B54DCCC459}.Debug|Any CPU.Build.0 = Debug|Any CPU
		{2B6B8175-D783-4A0B-94C3-E7B54DCCC459}.Release|Any CPU.ActiveCfg = Release|Any CPU
		{2B6B8175-D783-4A0B-94C3-E7B54DCCC459}.Release|Any CPU.Build.0 = Release|Any CPU
	EndGlobalSection
	GlobalSection(SolutionProperties) = preSolution
		HideSolutionNode = FALSE
	EndGlobalSection
	GlobalSection(ExtensibilityGlobals) = postSolution
		SolutionGuid = {3C782883-ADFB-4650-8806-54E7636E3E2F}
	EndGlobalSection
EndGlobal
